{
  "lockfile_version": "1",
  "packages": {
    "bun@latest": {
      "last_modified": "2024-12-26T01:25:00Z",
      "resolved": "github:NixOS/nixpkgs/16e046229f3b4f53257973a5532bcbb72457d2f2#bun",
      "source": "devbox-search",
      "version": "1.1.42",
      "systems": {
        "aarch64-darwin": {
          "outputs": [
            {
              "name": "out",
              "path": "/nix/store/5c73vw31nbji92hggrgjnfi33wzhbxk3-bun-1.1.42",
              "default": true
            }
          ],
          "store_path": "/nix/store/5c73vw31nbji92hggrgjnfi33wzhbxk3-bun-1.1.42"
        },
        "aarch64-linux": {
          "outputs": [
            {
              "name": "out",
              "path": "/nix/store/shm69afh0zrm5r0gkpkj9l0z8l6vkpmr-bun-1.1.42",
              "default": true
            }
          ],
          "store_path": "/nix/store/shm69afh0zrm5r0gkpkj9l0z8l6vkpmr-bun-1.1.42"
        },
        "x86_64-darwin": {
          "outputs": [
            {
              "name": "out",
              "path": "/nix/store/70nzsdr814rka1b3qaxz8b4hfk8r6wi9-bun-1.1.42",
              "default": true
            }
          ],
          "store_path": "/nix/store/70nzsdr814rka1b3qaxz8b4hfk8r6wi9-bun-1.1.42"
        },
        "x86_64-linux": {
          "outputs": [
            {
              "name": "out",
              "path": "/nix/store/ws04zldxbkg26d4qkwyr4km1zd26mach-bun-1.1.42",
              "default": true
            }
          ],
          "store_path": "/nix/store/ws04zldxbkg26d4qkwyr4km1zd26mach-bun-1.1.42"
        }
      }
    },
    "cargo@latest": {
      "last_modified": "2024-12-23T21:10:33Z",
      "resolved": "github:NixOS/nixpkgs/de1864217bfa9b5845f465e771e0ecb48b30e02d#cargo",
      "source": "devbox-search",
      "version": "1.83.0",
      "systems": {
        "aarch64-darwin": {
          "outputs": [
            {
              "name": "out",
              "path": "/nix/store/ikfdri2li81zaq727y0g1wsl903mj1fi-cargo-1.83.0",
              "default": true
            }
          ],
          "store_path": "/nix/store/ikfdri2li81zaq727y0g1wsl903mj1fi-cargo-1.83.0"
        },
        "aarch64-linux": {
          "outputs": [
            {
              "name": "out",
              "path": "/nix/store/ih71bn1yzc6dj1yidzsmdan4b7w5r39k-cargo-1.83.0",
              "default": true
            }
          ],
          "store_path": "/nix/store/ih71bn1yzc6dj1yidzsmdan4b7w5r39k-cargo-1.83.0"
        },
        "x86_64-darwin": {
          "outputs": [
            {
              "name": "out",
              "path": "/nix/store/p0d8l6w4n4di0kmiic375zl0f3ig1pzs-cargo-1.83.0",
              "default": true
            }
          ],
          "store_path": "/nix/store/p0d8l6w4n4di0kmiic375zl0f3ig1pzs-cargo-1.83.0"
        },
        "x86_64-linux": {
          "outputs": [
            {
              "name": "out",
              "path": "/nix/store/q2p507l5rmfw7c4n5pr6gcd5p2gyws2c-cargo-1.83.0",
              "default": true
            }
          ],
          "store_path": "/nix/store/q2p507l5rmfw7c4n5pr6gcd5p2gyws2c-cargo-1.83.0"
        }
      }
    },
    "wasm-pack@latest": {
      "last_modified": "2024-12-23T21:10:33Z",
      "resolved": "github:NixOS/nixpkgs/de1864217bfa9b5845f465e771e0ecb48b30e02d#wasm-pack",
      "source": "devbox-search",
      "version": "0.13.1",
      "systems": {
        "aarch64-darwin": {
          "outputs": [
            {
              "name": "out",
              "path": "/nix/store/00v4yinzvbg244s1vg4zaz7kdp7x84qb-wasm-pack-0.13.1",
              "default": true
            }
          ],
          "store_path": "/nix/store/00v4yinzvbg244s1vg4zaz7kdp7x84qb-wasm-pack-0.13.1"
        },
        "aarch64-linux": {
          "outputs": [
            {
              "name": "out",
              "path": "/nix/store/vjyafx47gzlf9p5w4swc6vj0c23kf4j6-wasm-pack-0.13.1",
              "default": true
            }
          ],
          "store_path": "/nix/store/vjyafx47gzlf9p5w4swc6vj0c23kf4j6-wasm-pack-0.13.1"
        },
        "x86_64-darwin": {
          "outputs": [
            {
              "name": "out",
              "path": "/nix/store/rc93nvgcjqpdggcqvqla3bpk9xymla1y-wasm-pack-0.13.1",
              "default": true
            }
          ],
          "store_path": "/nix/store/rc93nvgcjqpdggcqvqla3bpk9xymla1y-wasm-pack-0.13.1"
        },
        "x86_64-linux": {
          "outputs": [
            {
              "name": "out",
              "path": "/nix/store/8466h2zll1j8n5ba79d7i718rwfpyqgk-wasm-pack-0.13.1",
              "default": true
            }
          ],
          "store_path": "/nix/store/8466h2zll1j8n5ba79d7i718rwfpyqgk-wasm-pack-0.13.1"
        }
      }
    }
  }
}
